
Microsoft Visual Studio Solution File, Format Version 12.00
# Visual Studio Version 17
VisualStudioVersion = 17.11.35327.3
MinimumVisualStudioVersion = 10.0.40219.1
Project("{8BC9CEB8-8B4A-11D0-8D11-00A0C91BC942}") = "Banck___2", "Banck___2\Banck___2.vcxproj", "{F8595688-65E5-4E20-9758-44926E997925}"
EndProject
Global
	GlobalSection(SolutionConfigurationPlatforms) = preSolution
		Debug|x64 = Debug|x64
		Debug|x86 = Debug|x86
		Release|x64 = Release|x64
		Release|x86 = Release|x86
	EndGlobalSection
	GlobalSection(ProjectConfigurationPlatforms) = postSolution
		{F8595688-65E5-4E20-9758-44926E997925}.Debug|x64.ActiveCfg = Debug|x64
		{F8595688-65E5-4E20-9758-44926E997925}.Debug|x64.Build.0 = Debug|x64
		{F8595688-65E5-4E20-9758-44926E997925}.Debug|x86.ActiveCfg = Debug|Win32
		{F8595688-65E5-4E20-9758-44926E997925}.Debug|x86.Build.0 = Debug|Win32
		{F8595688-65E5-4E20-9758-44926E997925}.Release|x64.ActiveCfg = Release|x64
		{F8595688-65E5-4E20-9758-44926E997925}.Release|x64.Build.0 = Release|x64
		{F8595688-65E5-4E20-9758-44926E997925}.Release|x86.ActiveCfg = Release|Win32
		{F8595688-65E5-4E20-9758-44926E997925}.Release|x86.Build.0 = Release|Win32
	EndGlobalSection
	GlobalSection(SolutionProperties) = preSolution
		HideSolutionNode = FALSE
	EndGlobalSection
	GlobalSection(ExtensibilityGlobals) = postSolution
		SolutionGuid = {7C33F1A9-EF8D-4041-B6AB-D9C9D91A73CD}
	EndGlobalSection
EndGlobal
